
Microsoft Visual Studio Solution File, Format Version 12.00
# Visual Studio 15
VisualStudioVersion = 15.0.28307.329
MinimumVisualStudioVersion = 10.0.40219.1
Project("{FAE04EC0-301F-11D3-BF4B-00C04F79EFBC}") = "kolkoKrzyzyk", "kolkoKrzyzyk\kolkoKrzyzyk.csproj", "{CB4DD00E-21CC-4A18-BAFA-9B037F78DDA3}"
EndProject
Project("{54435603-DBB4-11D2-8724-00A0C9A8B90C}") = "Instalator kolkoKrzyzyk", "Setup1\Setup1.vdproj", "{9B0E1A42-BAFC-4F06-AB7D-7F02DB3195C0}"
EndProject
Global
	GlobalSection(SolutionConfigurationPlatforms) = preSolution
		Debug|Any CPU = Debug|Any CPU
		Release|Any CPU = Release|Any CPU
	EndGlobalSection
	GlobalSection(ProjectConfigurationPlatforms) = postSolution
		{CB4DD00E-21CC-4A18-BAFA-9B037F78DDA3}.Debug|Any CPU.ActiveCfg = Debug|Any CPU
		{CB4DD00E-21CC-4A18-BAFA-9B037F78DDA3}.Debug|Any CPU.Build.0 = Debug|Any CPU
		{CB4DD00E-21CC-4A18-BAFA-9B037F78DDA3}.Release|Any CPU.ActiveCfg = Release|Any CPU
		{CB4DD00E-21CC-4A18-BAFA-9B037F78DDA3}.Release|Any CPU.Build.0 = Release|Any CPU
		{9B0E1A42-BAFC-4F06-AB7D-7F02DB3195C0}.Debug|Any CPU.ActiveCfg = Debug
		{9B0E1A42-BAFC-4F06-AB7D-7F02DB3195C0}.Release|Any CPU.ActiveCfg = Release
	EndGlobalSection
	GlobalSection(SolutionProperties) = preSolution
		HideSolutionNode = FALSE
	EndGlobalSection
	GlobalSection(ExtensibilityGlobals) = postSolution
		SolutionGuid = {842013C4-B4C3-4A82-80D7-59D2B7B852C0}
	EndGlobalSection
EndGlobal
